
Microsoft Visual Studio Solution File, Format Version 12.00
# Visual Studio Version 16
VisualStudioVersion = 16.0.30011.22
MinimumVisualStudioVersion = 10.0.40219.1
Project("{FAE04EC0-301F-11D3-BF4B-00C04F79EFBC}") = "App01.UWP", "App01\App01.UWP\App01.UWP.csproj", "{DB0A06D3-401D-42E1-82C7-C0DDCC9D0EB3}"
EndProject
Project("{FAE04EC0-301F-11D3-BF4B-00C04F79EFBC}") = "App01.Android", "App01\App01.Android\App01.Android.csproj", "{A5E82D38-9A55-494A-8BEA-EE4DD12E3784}"
EndProject
Project("{FAE04EC0-301F-11D3-BF4B-00C04F79EFBC}") = "App01.iOS", "App01\App01.iOS\App01.iOS.csproj", "{F4DC526A-6AA8-487C-9B6E-B2174B01C3E0}"
EndProject
Project("{FAE04EC0-301F-11D3-BF4B-00C04F79EFBC}") = "App01", "App01\App01\App01.csproj", "{4B02F92E-74B6-41E4-B518-EF73FB49EFEE}"
EndProject
Global
	GlobalSection(SolutionConfigurationPlatforms) = preSolution
		Debug|Any CPU = Debug|Any CPU
		Debug|ARM = Debug|ARM
		Debug|iPhone = Debug|iPhone
		Debug|iPhoneSimulator = Debug|iPhoneSimulator
		Debug|x64 = Debug|x64
		Debug|x86 = Debug|x86
		Release|Any CPU = Release|Any CPU
		Release|ARM = Release|ARM
		Release|iPhone = Release|iPhone
		Release|iPhoneSimulator = Release|iPhoneSimulator
		Release|x64 = Release|x64
		Release|x86 = Release|x86
	EndGlobalSection
	GlobalSection(ProjectConfigurationPlatforms) = postSolution
		{DB0A06D3-401D-42E1-82C7-C0DDCC9D0EB3}.Debug|Any CPU.ActiveCfg = Debug|x86
		{DB0A06D3-401D-42E1-82C7-C0DDCC9D0EB3}.Debug|Any CPU.Build.0 = Debug|x86
		{DB0A06D3-401D-42E1-82C7-C0DDCC9D0EB3}.Debug|Any CPU.Deploy.0 = Debug|x86
		{DB0A06D3-401D-42E1-82C7-C0DDCC9D0EB3}.Debug|ARM.ActiveCfg = Debug|ARM
		{DB0A06D3-401D-42E1-82C7-C0DDCC9D0EB3}.Debug|ARM.Build.0 = Debug|ARM
		{DB0A06D3-401D-42E1-82C7-C0DDCC9D0EB3}.Debug|ARM.Deploy.0 = Debug|ARM
		{DB0A06D3-401D-42E1-82C7-C0DDCC9D0EB3}.Debug|iPhone.ActiveCfg = Debug|x86
		{DB0A06D3-401D-42E1-82C7-C0DDCC9D0EB3}.Debug|iPhone.Build.0 = Debug|x86
		{DB0A06D3-401D-42E1-82C7-C0DDCC9D0EB3}.Debug|iPhone.Deploy.0 = Debug|x86
		{DB0A06D3-401D-42E1-82C7-C0DDCC9D0EB3}.Debug|iPhoneSimulator.ActiveCfg = Debug|x86
		{DB0A06D3-401D-42E1-82C7-C0DDCC9D0EB3}.Debug|iPhoneSimulator.Build.0 = Debug|x86
		{DB0A06D3-401D-42E1-82C7-C0DDCC9D0EB3}.Debug|iPhoneSimulator.Deploy.0 = Debug|x86
		{DB0A06D3-401D-42E1-82C7-C0DDCC9D0EB3}.Debug|x64.ActiveCfg = Debug|x64
		{DB0A06D3-401D-42E1-82C7-C0DDCC9D0EB3}.Debug|x64.Build.0 = Debug|x64
		{DB0A06D3-401D-42E1-82C7-C0DDCC9D0EB3}.Debug|x64.Deploy.0 = Debug|x64
		{DB0A06D3-401D-42E1-82C7-C0DDCC9D0EB3}.Debug|x86.ActiveCfg = Debug|x86
		{DB0A06D3-401D-42E1-82C7-C0DDCC9D0EB3}.Debug|x86.Build.0 = Debug|x86
		{DB0A06D3-401D-42E1-82C7-C0DDCC9D0EB3}.Debug|x86.Deploy.0 = Debug|x86
		{DB0A06D3-401D-42E1-82C7-C0DDCC9D0EB3}.Release|Any CPU.ActiveCfg = Release|x86
		{DB0A06D3-401D-42E1-82C7-C0DDCC9D0EB3}.Release|Any CPU.Build.0 = Release|x86
		{DB0A06D3-401D-42E1-82C7-C0DDCC9D0EB3}.Release|Any CPU.Deploy.0 = Release|x86
		{DB0A06D3-401D-42E1-82C7-C0DDCC9D0EB3}.Release|ARM.ActiveCfg = Release|ARM
		{DB0A06D3-401D-42E1-82C7-C0DDCC9D0EB3}.Release|ARM.Build.0 = Release|ARM
		{DB0A06D3-401D-42E1-82C7-C0DDCC9D0EB3}.Release|ARM.Deploy.0 = Release|ARM
		{DB0A06D3-401D-42E1-82C7-C0DDCC9D0EB3}.Release|iPhone.ActiveCfg = Release|x86
		{DB0A06D3-401D-42E1-82C7-C0DDCC9D0EB3}.Release|iPhone.Build.0 = Release|x86
		{DB0A06D3-401D-42E1-82C7-C0DDCC9D0EB3}.Release|iPhone.Deploy.0 = Release|x86
		{DB0A06D3-401D-42E1-82C7-C0DDCC9D0EB3}.Release|iPhoneSimulator.ActiveCfg = Release|x86
		{DB0A06D3-401D-42E1-82C7-C0DDCC9D0EB3}.Release|iPhoneSimulator.Build.0 = Release|x86
		{DB0A06D3-401D-42E1-82C7-C0DDCC9D0EB3}.Release|iPhoneSimulator.Deploy.0 = Release|x86
		{DB0A06D3-401D-42E1-82C7-C0DDCC9D0EB3}.Release|x64.ActiveCfg = Release|x64
		{DB0A06D3-401D-42E1-82C7-C0DDCC9D0EB3}.Release|x64.Build.0 = Release|x64
		{DB0A06D3-401D-42E1-82C7-C0DDCC9D0EB3}.Release|x64.Deploy.0 = Release|x64
		{DB0A06D3-401D-42E1-82C7-C0DDCC9D0EB3}.Release|x86.ActiveCfg = Release|x86
		{DB0A06D3-401D-42E1-82C7-C0DDCC9D0EB3}.Release|x86.Build.0 = Release|x86
		{DB0A06D3-401D-42E1-82C7-C0DDCC9D0EB3}.Release|x86.Deploy.0 = Release|x86
		{A5E82D38-9A55-494A-8BEA-EE4DD12E3784}.Debug|Any CPU.ActiveCfg = Debug|Any CPU
		{A5E82D38-9A55-494A-8BEA-EE4DD12E3784}.Debug|Any CPU.Build.0 = Debug|Any CPU
		{A5E82D38-9A55-494A-8BEA-EE4DD12E3784}.Debug|Any CPU.Deploy.0 = Debug|Any CPU
		{A5E82D38-9A55-494A-8BEA-EE4DD12E3784}.Debug|ARM.ActiveCfg = Debug|Any CPU
		{A5E82D38-9A55-494A-8BEA-EE4DD12E3784}.Debug|ARM.Build.0 = Debug|Any CPU
		{A5E82D38-9A55-494A-8BEA-EE4DD12E3784}.Debug|ARM.Deploy.0 = Debug|Any CPU
		{A5E82D38-9A55-494A-8BEA-EE4DD12E3784}.Debug|iPhone.ActiveCfg = Debug|Any CPU
		{A5E82D38-9A55-494A-8BEA-EE4DD12E3784}.Debug|iPhone.Build.0 = Debug|Any CPU
		{A5E82D38-9A55-494A-8BEA-EE4DD12E3784}.Debug|iPhone.Deploy.0 = Debug|Any CPU
		{A5E82D38-9A55-494A-8BEA-EE4DD12E3784}.Debug|iPhoneSimulator.ActiveCfg = Debug|Any CPU
		{A5E82D38-9A55-494A-8BEA-EE4DD12E3784}.Debug|iPhoneSimulator.Build.0 = Debug|Any CPU
		{A5E82D38-9A55-494A-8BEA-EE4DD12E3784}.Debug|iPhoneSimulator.Deploy.0 = Debug|Any CPU
		{A5E82D38-9A55-494A-8BEA-EE4DD12E3784}.Debug|x64.ActiveCfg = Debug|Any CPU
		{A5E82D38-9A55-494A-8BEA-EE4DD12E3784}.Debug|x64.Build.0 = Debug|Any CPU
		{A5E82D38-9A55-494A-8BEA-EE4DD12E3784}.Debug|x64.Deploy.0 = Debug|Any CPU
		{A5E82D38-9A55-494A-8BEA-EE4DD12E3784}.Debug|x86.ActiveCfg = Debug|Any CPU
		{A5E82D38-9A55-494A-8BEA-EE4DD12E3784}.Debug|x86.Build.0 = Debug|Any CPU
		{A5E82D38-9A55-494A-8BEA-EE4DD12E3784}.Debug|x86.Deploy.0 = Debug|Any CPU
		{A5E82D38-9A55-494A-8BEA-EE4DD12E3784}.Release|Any CPU.ActiveCfg = Release|Any CPU
		{A5E82D38-9A55-494A-8BEA-EE4DD12E3784}.Release|Any CPU.Build.0 = Release|Any CPU
		{A5E82D38-9A55-494A-8BEA-EE4DD12E3784}.Release|Any CPU.Deploy.0 = Release|Any CPU
		{A5E82D38-9A55-494A-8BEA-EE4DD12E3784}.Release|ARM.ActiveCfg = Release|Any CPU
		{A5E82D38-9A55-494A-8BEA-EE4DD12E3784}.Release|ARM.Build.0 = Release|Any CPU
		{A5E82D38-9A55-494A-8BEA-EE4DD12E3784}.Release|ARM.Deploy.0 = Release|Any CPU
		{A5E82D38-9A55-494A-8BEA-EE4DD12E3784}.Release|iPhone.ActiveCfg = Release|Any CPU
		{A5E82D38-9A55-494A-8BEA-EE4DD12E3784}.Release|iPhone.Build.0 = Release|Any CPU
		{A5E82D38-9A55-494A-8BEA-EE4DD12E3784}.Release|iPhone.Deploy.0 = Release|Any CPU
		{A5E82D38-9A55-494A-8BEA-EE4DD12E3784}.Release|iPhoneSimulator.ActiveCfg = Release|Any CPU
		{A5E82D38-9A55-494A-8BEA-EE4DD12E3784}.Release|iPhoneSimulator.Build.0 = Release|Any CPU
		{A5E82D38-9A55-494A-8BEA-EE4DD12E3784}.Release|iPhoneSimulator.Deploy.0 = Release|Any CPU
		{A5E82D38-9A55-494A-8BEA-EE4DD12E3784}.Release|x64.ActiveCfg = Release|Any CPU
		{A5E82D38-9A55-494A-8BEA-EE4DD12E3784}.Release|x64.Build.0 = Release|Any CPU
		{A5E82D38-9A55-494A-8BEA-EE4DD12E3784}.Release|x64.Deploy.0 = Release|Any CPU
		{A5E82D38-9A55-494A-8BEA-EE4DD12E3784}.Release|x86.ActiveCfg = Release|Any CPU
		{A5E82D38-9A55-494A-8BEA-EE4DD12E3784}.Release|x86.Build.0 = Release|Any CPU
		{A5E82D38-9A55-494A-8BEA-EE4DD12E3784}.Release|x86.Deploy.0 = Release|Any CPU
		{F4DC526A-6AA8-487C-9B6E-B2174B01C3E0}.Debug|Any CPU.ActiveCfg = Debug|iPhone
		{F4DC526A-6AA8-487C-9B6E-B2174B01C3E0}.Debug|Any CPU.Build.0 = Debug|iPhone
		{F4DC526A-6AA8-487C-9B6E-B2174B01C3E0}.Debug|Any CPU.Deploy.0 = Debug|iPhone
		{F4DC526A-6AA8-487C-9B6E-B2174B01C3E0}.Debug|ARM.ActiveCfg = Debug|iPhone
		{F4DC526A-6AA8-487C-9B6E-B2174B01C3E0}.Debug|ARM.Build.0 = Debug|iPhone
		{F4DC526A-6AA8-487C-9B6E-B2174B01C3E0}.Debug|ARM.Deploy.0 = Debug|iPhone
		{F4DC526A-6AA8-487C-9B6E-B2174B01C3E0}.Debug|iPhone.ActiveCfg = Debug|iPhone
		{F4DC526A-6AA8-487C-9B6E-B2174B01C3E0}.Debug|iPhone.Build.0 = Debug|iPhone
		{F4DC526A-6AA8-487C-9B6E-B2174B01C3E0}.Debug|iPhone.Deploy.0 = Debug|iPhone
		{F4DC526A-6AA8-487C-9B6E-B2174B01C3E0}.Debug|iPhoneSimulator.ActiveCfg = Debug|iPhoneSimulator
		{F4DC526A-6AA8-487C-9B6E-B2174B01C3E0}.Debug|iPhoneSimulator.Build.0 = Debug|iPhoneSimulator
		{F4DC526A-6AA8-487C-9B6E-B2174B01C3E0}.Debug|iPhoneSimulator.Deploy.0 = Debug|iPhoneSimulator
		{F4DC526A-6AA8-487C-9B6E-B2174B01C3E0}.Debug|x64.ActiveCfg = Debug|iPhone
		{F4DC526A-6AA8-487C-9B6E-B2174B01C3E0}.Debug|x64.Build.0 = Debug|iPhone
		{F4DC526A-6AA8-487C-9B6E-B2174B01C3E0}.Debug|x64.Deploy.0 = Debug|iPhone
		{F4DC526A-6AA8-487C-9B6E-B2174B01C3E0}.Debug|x86.ActiveCfg = Debug|iPhone
		{F4DC526A-6AA8-487C-9B6E-B2174B01C3E0}.Debug|x86.Build.0 = Debug|iPhone
		{F4DC526A-6AA8-487C-9B6E-B2174B01C3E0}.Debug|x86.Deploy.0 = Debug|iPhone
		{F4DC526A-6AA8-487C-9B6E-B2174B01C3E0}.Release|Any CPU.ActiveCfg = Release|iPhone
		{F4DC526A-6AA8-487C-9B6E-B2174B01C3E0}.Release|Any CPU.Build.0 = Release|iPhone
		{F4DC526A-6AA8-487C-9B6E-B2174B01C3E0}.Release|Any CPU.Deploy.0 = Release|iPhone
		{F4DC526A-6AA8-487C-9B6E-B2174B01C3E0}.Release|ARM.ActiveCfg = Release|iPhone
		{F4DC526A-6AA8-487C-9B6E-B2174B01C3E0}.Release|ARM.Build.0 = Release|iPhone
		{F4DC526A-6AA8-487C-9B6E-B2174B01C3E0}.Release|ARM.Deploy.0 = Release|iPhone
		{F4DC526A-6AA8-487C-9B6E-B2174B01C3E0}.Release|iPhone.ActiveCfg = Release|iPhone
		{F4DC526A-6AA8-487C-9B6E-B2174B01C3E0}.Release|iPhone.Build.0 = Release|iPhone
		{F4DC526A-6AA8-487C-9B6E-B2174B01C3E0}.Release|iPhone.Deploy.0 = Release|iPhone
		{F4DC526A-6AA8-487C-9B6E-B2174B01C3E0}.Release|iPhoneSimulator.ActiveCfg = Release|iPhoneSimulator
		{F4DC526A-6AA8-487C-9B6E-B2174B01C3E0}.Release|iPhoneSimulator.Build.0 = Release|iPhoneSimulator
		{F4DC526A-6AA8-487C-9B6E-B2174B01C3E0}.Release|iPhoneSimulator.Deploy.0 = Release|iPhoneSimulator
		{F4DC526A-6AA8-487C-9B6E-B2174B01C3E0}.Release|x64.ActiveCfg = Release|iPhone
		{F4DC526A-6AA8-487C-9B6E-B2174B01C3E0}.Release|x64.Build.0 = Release|iPhone
		{F4DC526A-6AA8-487C-9B6E-B2174B01C3E0}.Release|x64.Deploy.0 = Release|iPhone
		{F4DC526A-6AA8-487C-9B6E-B2174B01C3E0}.Release|x86.ActiveCfg = Release|iPhone
		{F4DC526A-6AA8-487C-9B6E-B2174B01C3E0}.Release|x86.Build.0 = Release|iPhone
		{F4DC526A-6AA8-487C-9B6E-B2174B01C3E0}.Release|x86.Deploy.0 = Release|iPhone
		{4B02F92E-74B6-41E4-B518-EF73FB49EFEE}.Debug|Any CPU.ActiveCfg = Debug|Any CPU
		{4B02F92E-74B6-41E4-B518-EF73FB49EFEE}.Debug|Any CPU.Build.0 = Debug|Any CPU
		{4B02F92E-74B6-41E4-B518-EF73FB49EFEE}.Debug|Any CPU.Deploy.0 = Debug|Any CPU
		{4B02F92E-74B6-41E4-B518-EF73FB49EFEE}.Debug|ARM.ActiveCfg = Debug|Any CPU
		{4B02F92E-74B6-41E4-B518-EF73FB49EFEE}.Debug|ARM.Build.0 = Debug|Any CPU
		{4B02F92E-74B6-41E4-B518-EF73FB49EFEE}.Debug|ARM.Deploy.0 = Debug|Any CPU
		{4B02F92E-74B6-41E4-B518-EF73FB49EFEE}.Debug|iPhone.ActiveCfg = Debug|Any CPU
		{4B02F92E-74B6-41E4-B518-EF73FB49EFEE}.Debug|iPhone.Build.0 = Debug|Any CPU
		{4B02F92E-74B6-41E4-B518-EF73FB49EFEE}.Debug|iPhone.Deploy.0 = Debug|Any CPU
		{4B02F92E-74B6-41E4-B518-EF73FB49EFEE}.Debug|iPhoneSimulator.ActiveCfg = Debug|Any CPU
		{4B02F92E-74B6-41E4-B518-EF73FB49EFEE}.Debug|iPhoneSimulator.Build.0 = Debug|Any CPU
		{4B02F92E-74B6-41E4-B518-EF73FB49EFEE}.Debug|iPhoneSimulator.Deploy.0 = Debug|Any CPU
		{4B02F92E-74B6-41E4-B518-EF73FB49EFEE}.Debug|x64.ActiveCfg = Debug|Any CPU
		{4B02F92E-74B6-41E4-B518-EF73FB49EFEE}.Debug|x64.Build.0 = Debug|Any CPU
		{4B02F92E-74B6-41E4-B518-EF73FB49EFEE}.Debug|x64.Deploy.0 = Debug|Any CPU
		{4B02F92E-74B6-41E4-B518-EF73FB49EFEE}.Debug|x86.ActiveCfg = Debug|Any CPU
		{4B02F92E-74B6-41E4-B518-EF73FB49EFEE}.Debug|x86.Build.0 = Debug|Any CPU
		{4B02F92E-74B6-41E4-B518-EF73FB49EFEE}.Debug|x86.Deploy.0 = Debug|Any CPU
		{4B02F92E-74B6-41E4-B518-EF73FB49EFEE}.Release|Any CPU.ActiveCfg = Release|Any CPU
		{4B02F92E-74B6-41E4-B518-EF73FB49EFEE}.Release|Any CPU.Build.0 = Release|Any CPU
		{4B02F92E-74B6-41E4-B518-EF73FB49EFEE}.Release|Any CPU.Deploy.0 = Release|Any CPU
		{4B02F92E-74B6-41E4-B518-EF73FB49EFEE}.Release|ARM.ActiveCfg = Release|Any CPU
		{4B02F92E-74B6-41E4-B518-EF73FB49EFEE}.Release|ARM.Build.0 = Release|Any CPU
		{4B02F92E-74B6-41E4-B518-EF73FB49EFEE}.Release|ARM.Deploy.0 = Release|Any CPU
		{4B02F92E-74B6-41E4-B518-EF73FB49EFEE}.Release|iPhone.ActiveCfg = Release|Any CPU
		{4B02F92E-74B6-41E4-B518-EF73FB49EFEE}.Release|iPhone.Build.0 = Release|Any CPU
		{4B02F92E-74B6-41E4-B518-EF73FB49EFEE}.Release|iPhone.Deploy.0 = Release|Any CPU
		{4B02F92E-74B6-41E4-B518-EF73FB49EFEE}.Release|iPhoneSimulator.ActiveCfg = Release|Any CPU
		{4B02F92E-74B6-41E4-B518-EF73FB49EFEE}.Release|iPhoneSimulator.Build.0 = Release|Any CPU
		{4B02F92E-74B6-41E4-B518-EF73FB49EFEE}.Release|iPhoneSimulator.Deploy.0 = Release|Any CPU
		{4B02F92E-74B6-41E4-B518-EF73FB49EFEE}.Release|x64.ActiveCfg = Release|Any CPU
		{4B02F92E-74B6-41E4-B518-EF73FB49EFEE}.Release|x64.Build.0 = Release|Any CPU
		{4B02F92E-74B6-41E4-B518-EF73FB49EFEE}.Release|x64.Deploy.0 = Release|Any CPU
		{4B02F92E-74B6-41E4-B518-EF73FB49EFEE}.Release|x86.ActiveCfg = Release|Any CPU
		{4B02F92E-74B6-41E4-B518-EF73FB49EFEE}.Release|x86.Build.0 = Release|Any CPU
		{4B02F92E-74B6-41E4-B518-EF73FB49EFEE}.Release|x86.Deploy.0 = Release|Any CPU
	EndGlobalSection
	GlobalSection(SolutionProperties) = preSolution
		HideSolutionNode = FALSE
	EndGlobalSection
	GlobalSection(ExtensibilityGlobals) = postSolution
		SolutionGuid = {BC604BC6-CBFD-455D-83C1-B6CA5B20443F}
	EndGlobalSection
EndGlobal
