
Microsoft Visual Studio Solution File, Format Version 12.00
# Visual Studio Version 16
VisualStudioVersion = 16.0.30011.22
MinimumVisualStudioVersion = 10.0.40219.1
Project("{FAE04EC0-301F-11D3-BF4B-00C04F79EFBC}") = "App05.UWP", "App05\App05.UWP\App05.UWP.csproj", "{F6C4F0A4-0730-4E04-8FF9-2F3D476A709A}"
EndProject
Project("{FAE04EC0-301F-11D3-BF4B-00C04F79EFBC}") = "App05.Android", "App05\App05.Android\App05.Android.csproj", "{CB451FC0-6815-4F97-B7FB-CBC8B5D3D4EE}"
EndProject
Project("{FAE04EC0-301F-11D3-BF4B-00C04F79EFBC}") = "App05.iOS", "App05\App05.iOS\App05.iOS.csproj", "{8F7A1623-9912-413F-BC82-C01FC440507C}"
EndProject
Project("{FAE04EC0-301F-11D3-BF4B-00C04F79EFBC}") = "App05", "App05\App05\App05.csproj", "{98EA2F37-9079-45F4-A190-8F911E2E6C23}"
EndProject
Global
	GlobalSection(SolutionConfigurationPlatforms) = preSolution
		Debug|Any CPU = Debug|Any CPU
		Debug|ARM = Debug|ARM
		Debug|iPhone = Debug|iPhone
		Debug|iPhoneSimulator = Debug|iPhoneSimulator
		Debug|x64 = Debug|x64
		Debug|x86 = Debug|x86
		Release|Any CPU = Release|Any CPU
		Release|ARM = Release|ARM
		Release|iPhone = Release|iPhone
		Release|iPhoneSimulator = Release|iPhoneSimulator
		Release|x64 = Release|x64
		Release|x86 = Release|x86
	EndGlobalSection
	GlobalSection(ProjectConfigurationPlatforms) = postSolution
		{F6C4F0A4-0730-4E04-8FF9-2F3D476A709A}.Debug|Any CPU.ActiveCfg = Debug|x86
		{F6C4F0A4-0730-4E04-8FF9-2F3D476A709A}.Debug|Any CPU.Build.0 = Debug|x86
		{F6C4F0A4-0730-4E04-8FF9-2F3D476A709A}.Debug|Any CPU.Deploy.0 = Debug|x86
		{F6C4F0A4-0730-4E04-8FF9-2F3D476A709A}.Debug|ARM.ActiveCfg = Debug|ARM
		{F6C4F0A4-0730-4E04-8FF9-2F3D476A709A}.Debug|ARM.Build.0 = Debug|ARM
		{F6C4F0A4-0730-4E04-8FF9-2F3D476A709A}.Debug|ARM.Deploy.0 = Debug|ARM
		{F6C4F0A4-0730-4E04-8FF9-2F3D476A709A}.Debug|iPhone.ActiveCfg = Debug|x86
		{F6C4F0A4-0730-4E04-8FF9-2F3D476A709A}.Debug|iPhone.Build.0 = Debug|x86
		{F6C4F0A4-0730-4E04-8FF9-2F3D476A709A}.Debug|iPhone.Deploy.0 = Debug|x86
		{F6C4F0A4-0730-4E04-8FF9-2F3D476A709A}.Debug|iPhoneSimulator.ActiveCfg = Debug|x86
		{F6C4F0A4-0730-4E04-8FF9-2F3D476A709A}.Debug|iPhoneSimulator.Build.0 = Debug|x86
		{F6C4F0A4-0730-4E04-8FF9-2F3D476A709A}.Debug|iPhoneSimulator.Deploy.0 = Debug|x86
		{F6C4F0A4-0730-4E04-8FF9-2F3D476A709A}.Debug|x64.ActiveCfg = Debug|x64
		{F6C4F0A4-0730-4E04-8FF9-2F3D476A709A}.Debug|x64.Build.0 = Debug|x64
		{F6C4F0A4-0730-4E04-8FF9-2F3D476A709A}.Debug|x64.Deploy.0 = Debug|x64
		{F6C4F0A4-0730-4E04-8FF9-2F3D476A709A}.Debug|x86.ActiveCfg = Debug|x86
		{F6C4F0A4-0730-4E04-8FF9-2F3D476A709A}.Debug|x86.Build.0 = Debug|x86
		{F6C4F0A4-0730-4E04-8FF9-2F3D476A709A}.Debug|x86.Deploy.0 = Debug|x86
		{F6C4F0A4-0730-4E04-8FF9-2F3D476A709A}.Release|Any CPU.ActiveCfg = Release|x86
		{F6C4F0A4-0730-4E04-8FF9-2F3D476A709A}.Release|Any CPU.Build.0 = Release|x86
		{F6C4F0A4-0730-4E04-8FF9-2F3D476A709A}.Release|Any CPU.Deploy.0 = Release|x86
		{F6C4F0A4-0730-4E04-8FF9-2F3D476A709A}.Release|ARM.ActiveCfg = Release|ARM
		{F6C4F0A4-0730-4E04-8FF9-2F3D476A709A}.Release|ARM.Build.0 = Release|ARM
		{F6C4F0A4-0730-4E04-8FF9-2F3D476A709A}.Release|ARM.Deploy.0 = Release|ARM
		{F6C4F0A4-0730-4E04-8FF9-2F3D476A709A}.Release|iPhone.ActiveCfg = Release|x86
		{F6C4F0A4-0730-4E04-8FF9-2F3D476A709A}.Release|iPhone.Build.0 = Release|x86
		{F6C4F0A4-0730-4E04-8FF9-2F3D476A709A}.Release|iPhone.Deploy.0 = Release|x86
		{F6C4F0A4-0730-4E04-8FF9-2F3D476A709A}.Release|iPhoneSimulator.ActiveCfg = Release|x86
		{F6C4F0A4-0730-4E04-8FF9-2F3D476A709A}.Release|iPhoneSimulator.Build.0 = Release|x86
		{F6C4F0A4-0730-4E04-8FF9-2F3D476A709A}.Release|iPhoneSimulator.Deploy.0 = Release|x86
		{F6C4F0A4-0730-4E04-8FF9-2F3D476A709A}.Release|x64.ActiveCfg = Release|x64
		{F6C4F0A4-0730-4E04-8FF9-2F3D476A709A}.Release|x64.Build.0 = Release|x64
		{F6C4F0A4-0730-4E04-8FF9-2F3D476A709A}.Release|x64.Deploy.0 = Release|x64
		{F6C4F0A4-0730-4E04-8FF9-2F3D476A709A}.Release|x86.ActiveCfg = Release|x86
		{F6C4F0A4-0730-4E04-8FF9-2F3D476A709A}.Release|x86.Build.0 = Release|x86
		{F6C4F0A4-0730-4E04-8FF9-2F3D476A709A}.Release|x86.Deploy.0 = Release|x86
		{CB451FC0-6815-4F97-B7FB-CBC8B5D3D4EE}.Debug|Any CPU.ActiveCfg = Debug|Any CPU
		{CB451FC0-6815-4F97-B7FB-CBC8B5D3D4EE}.Debug|Any CPU.Build.0 = Debug|Any CPU
		{CB451FC0-6815-4F97-B7FB-CBC8B5D3D4EE}.Debug|Any CPU.Deploy.0 = Debug|Any CPU
		{CB451FC0-6815-4F97-B7FB-CBC8B5D3D4EE}.Debug|ARM.ActiveCfg = Debug|Any CPU
		{CB451FC0-6815-4F97-B7FB-CBC8B5D3D4EE}.Debug|ARM.Build.0 = Debug|Any CPU
		{CB451FC0-6815-4F97-B7FB-CBC8B5D3D4EE}.Debug|ARM.Deploy.0 = Debug|Any CPU
		{CB451FC0-6815-4F97-B7FB-CBC8B5D3D4EE}.Debug|iPhone.ActiveCfg = Debug|Any CPU
		{CB451FC0-6815-4F97-B7FB-CBC8B5D3D4EE}.Debug|iPhone.Build.0 = Debug|Any CPU
		{CB451FC0-6815-4F97-B7FB-CBC8B5D3D4EE}.Debug|iPhone.Deploy.0 = Debug|Any CPU
		{CB451FC0-6815-4F97-B7FB-CBC8B5D3D4EE}.Debug|iPhoneSimulator.ActiveCfg = Debug|Any CPU
		{CB451FC0-6815-4F97-B7FB-CBC8B5D3D4EE}.Debug|iPhoneSimulator.Build.0 = Debug|Any CPU
		{CB451FC0-6815-4F97-B7FB-CBC8B5D3D4EE}.Debug|iPhoneSimulator.Deploy.0 = Debug|Any CPU
		{CB451FC0-6815-4F97-B7FB-CBC8B5D3D4EE}.Debug|x64.ActiveCfg = Debug|Any CPU
		{CB451FC0-6815-4F97-B7FB-CBC8B5D3D4EE}.Debug|x64.Build.0 = Debug|Any CPU
		{CB451FC0-6815-4F97-B7FB-CBC8B5D3D4EE}.Debug|x64.Deploy.0 = Debug|Any CPU
		{CB451FC0-6815-4F97-B7FB-CBC8B5D3D4EE}.Debug|x86.ActiveCfg = Debug|Any CPU
		{CB451FC0-6815-4F97-B7FB-CBC8B5D3D4EE}.Debug|x86.Build.0 = Debug|Any CPU
		{CB451FC0-6815-4F97-B7FB-CBC8B5D3D4EE}.Debug|x86.Deploy.0 = Debug|Any CPU
		{CB451FC0-6815-4F97-B7FB-CBC8B5D3D4EE}.Release|Any CPU.ActiveCfg = Release|Any CPU
		{CB451FC0-6815-4F97-B7FB-CBC8B5D3D4EE}.Release|Any CPU.Build.0 = Release|Any CPU
		{CB451FC0-6815-4F97-B7FB-CBC8B5D3D4EE}.Release|Any CPU.Deploy.0 = Release|Any CPU
		{CB451FC0-6815-4F97-B7FB-CBC8B5D3D4EE}.Release|ARM.ActiveCfg = Release|Any CPU
		{CB451FC0-6815-4F97-B7FB-CBC8B5D3D4EE}.Release|ARM.Build.0 = Release|Any CPU
		{CB451FC0-6815-4F97-B7FB-CBC8B5D3D4EE}.Release|ARM.Deploy.0 = Release|Any CPU
		{CB451FC0-6815-4F97-B7FB-CBC8B5D3D4EE}.Release|iPhone.ActiveCfg = Release|Any CPU
		{CB451FC0-6815-4F97-B7FB-CBC8B5D3D4EE}.Release|iPhone.Build.0 = Release|Any CPU
		{CB451FC0-6815-4F97-B7FB-CBC8B5D3D4EE}.Release|iPhone.Deploy.0 = Release|Any CPU
		{CB451FC0-6815-4F97-B7FB-CBC8B5D3D4EE}.Release|iPhoneSimulator.ActiveCfg = Release|Any CPU
		{CB451FC0-6815-4F97-B7FB-CBC8B5D3D4EE}.Release|iPhoneSimulator.Build.0 = Release|Any CPU
		{CB451FC0-6815-4F97-B7FB-CBC8B5D3D4EE}.Release|iPhoneSimulator.Deploy.0 = Release|Any CPU
		{CB451FC0-6815-4F97-B7FB-CBC8B5D3D4EE}.Release|x64.ActiveCfg = Release|Any CPU
		{CB451FC0-6815-4F97-B7FB-CBC8B5D3D4EE}.Release|x64.Build.0 = Release|Any CPU
		{CB451FC0-6815-4F97-B7FB-CBC8B5D3D4EE}.Release|x64.Deploy.0 = Release|Any CPU
		{CB451FC0-6815-4F97-B7FB-CBC8B5D3D4EE}.Release|x86.ActiveCfg = Release|Any CPU
		{CB451FC0-6815-4F97-B7FB-CBC8B5D3D4EE}.Release|x86.Build.0 = Release|Any CPU
		{CB451FC0-6815-4F97-B7FB-CBC8B5D3D4EE}.Release|x86.Deploy.0 = Release|Any CPU
		{8F7A1623-9912-413F-BC82-C01FC440507C}.Debug|Any CPU.ActiveCfg = Debug|iPhone
		{8F7A1623-9912-413F-BC82-C01FC440507C}.Debug|Any CPU.Build.0 = Debug|iPhone
		{8F7A1623-9912-413F-BC82-C01FC440507C}.Debug|Any CPU.Deploy.0 = Debug|iPhone
		{8F7A1623-9912-413F-BC82-C01FC440507C}.Debug|ARM.ActiveCfg = Debug|iPhone
		{8F7A1623-9912-413F-BC82-C01FC440507C}.Debug|ARM.Build.0 = Debug|iPhone
		{8F7A1623-9912-413F-BC82-C01FC440507C}.Debug|ARM.Deploy.0 = Debug|iPhone
		{8F7A1623-9912-413F-BC82-C01FC440507C}.Debug|iPhone.ActiveCfg = Debug|iPhone
		{8F7A1623-9912-413F-BC82-C01FC440507C}.Debug|iPhone.Build.0 = Debug|iPhone
		{8F7A1623-9912-413F-BC82-C01FC440507C}.Debug|iPhone.Deploy.0 = Debug|iPhone
		{8F7A1623-9912-413F-BC82-C01FC440507C}.Debug|iPhoneSimulator.ActiveCfg = Debug|iPhoneSimulator
		{8F7A1623-9912-413F-BC82-C01FC440507C}.Debug|iPhoneSimulator.Build.0 = Debug|iPhoneSimulator
		{8F7A1623-9912-413F-BC82-C01FC440507C}.Debug|iPhoneSimulator.Deploy.0 = Debug|iPhoneSimulator
		{8F7A1623-9912-413F-BC82-C01FC440507C}.Debug|x64.ActiveCfg = Debug|iPhone
		{8F7A1623-9912-413F-BC82-C01FC440507C}.Debug|x64.Build.0 = Debug|iPhone
		{8F7A1623-9912-413F-BC82-C01FC440507C}.Debug|x64.Deploy.0 = Debug|iPhone
		{8F7A1623-9912-413F-BC82-C01FC440507C}.Debug|x86.ActiveCfg = Debug|iPhone
		{8F7A1623-9912-413F-BC82-C01FC440507C}.Debug|x86.Build.0 = Debug|iPhone
		{8F7A1623-9912-413F-BC82-C01FC440507C}.Debug|x86.Deploy.0 = Debug|iPhone
		{8F7A1623-9912-413F-BC82-C01FC440507C}.Release|Any CPU.ActiveCfg = Release|iPhone
		{8F7A1623-9912-413F-BC82-C01FC440507C}.Release|Any CPU.Build.0 = Release|iPhone
		{8F7A1623-9912-413F-BC82-C01FC440507C}.Release|Any CPU.Deploy.0 = Release|iPhone
		{8F7A1623-9912-413F-BC82-C01FC440507C}.Release|ARM.ActiveCfg = Release|iPhone
		{8F7A1623-9912-413F-BC82-C01FC440507C}.Release|ARM.Build.0 = Release|iPhone
		{8F7A1623-9912-413F-BC82-C01FC440507C}.Release|ARM.Deploy.0 = Release|iPhone
		{8F7A1623-9912-413F-BC82-C01FC440507C}.Release|iPhone.ActiveCfg = Release|iPhone
		{8F7A1623-9912-413F-BC82-C01FC440507C}.Release|iPhone.Build.0 = Release|iPhone
		{8F7A1623-9912-413F-BC82-C01FC440507C}.Release|iPhone.Deploy.0 = Release|iPhone
		{8F7A1623-9912-413F-BC82-C01FC440507C}.Release|iPhoneSimulator.ActiveCfg = Release|iPhoneSimulator
		{8F7A1623-9912-413F-BC82-C01FC440507C}.Release|iPhoneSimulator.Build.0 = Release|iPhoneSimulator
		{8F7A1623-9912-413F-BC82-C01FC440507C}.Release|iPhoneSimulator.Deploy.0 = Release|iPhoneSimulator
		{8F7A1623-9912-413F-BC82-C01FC440507C}.Release|x64.ActiveCfg = Release|iPhone
		{8F7A1623-9912-413F-BC82-C01FC440507C}.Release|x64.Build.0 = Release|iPhone
		{8F7A1623-9912-413F-BC82-C01FC440507C}.Release|x64.Deploy.0 = Release|iPhone
		{8F7A1623-9912-413F-BC82-C01FC440507C}.Release|x86.ActiveCfg = Release|iPhone
		{8F7A1623-9912-413F-BC82-C01FC440507C}.Release|x86.Build.0 = Release|iPhone
		{8F7A1623-9912-413F-BC82-C01FC440507C}.Release|x86.Deploy.0 = Release|iPhone
		{98EA2F37-9079-45F4-A190-8F911E2E6C23}.Debug|Any CPU.ActiveCfg = Debug|Any CPU
		{98EA2F37-9079-45F4-A190-8F911E2E6C23}.Debug|Any CPU.Build.0 = Debug|Any CPU
		{98EA2F37-9079-45F4-A190-8F911E2E6C23}.Debug|Any CPU.Deploy.0 = Debug|Any CPU
		{98EA2F37-9079-45F4-A190-8F911E2E6C23}.Debug|ARM.ActiveCfg = Debug|Any CPU
		{98EA2F37-9079-45F4-A190-8F911E2E6C23}.Debug|ARM.Build.0 = Debug|Any CPU
		{98EA2F37-9079-45F4-A190-8F911E2E6C23}.Debug|ARM.Deploy.0 = Debug|Any CPU
		{98EA2F37-9079-45F4-A190-8F911E2E6C23}.Debug|iPhone.ActiveCfg = Debug|Any CPU
		{98EA2F37-9079-45F4-A190-8F911E2E6C23}.Debug|iPhone.Build.0 = Debug|Any CPU
		{98EA2F37-9079-45F4-A190-8F911E2E6C23}.Debug|iPhone.Deploy.0 = Debug|Any CPU
		{98EA2F37-9079-45F4-A190-8F911E2E6C23}.Debug|iPhoneSimulator.ActiveCfg = Debug|Any CPU
		{98EA2F37-9079-45F4-A190-8F911E2E6C23}.Debug|iPhoneSimulator.Build.0 = Debug|Any CPU
		{98EA2F37-9079-45F4-A190-8F911E2E6C23}.Debug|iPhoneSimulator.Deploy.0 = Debug|Any CPU
		{98EA2F37-9079-45F4-A190-8F911E2E6C23}.Debug|x64.ActiveCfg = Debug|Any CPU
		{98EA2F37-9079-45F4-A190-8F911E2E6C23}.Debug|x64.Build.0 = Debug|Any CPU
		{98EA2F37-9079-45F4-A190-8F911E2E6C23}.Debug|x64.Deploy.0 = Debug|Any CPU
		{98EA2F37-9079-45F4-A190-8F911E2E6C23}.Debug|x86.ActiveCfg = Debug|Any CPU
		{98EA2F37-9079-45F4-A190-8F911E2E6C23}.Debug|x86.Build.0 = Debug|Any CPU
		{98EA2F37-9079-45F4-A190-8F911E2E6C23}.Debug|x86.Deploy.0 = Debug|Any CPU
		{98EA2F37-9079-45F4-A190-8F911E2E6C23}.Release|Any CPU.ActiveCfg = Release|Any CPU
		{98EA2F37-9079-45F4-A190-8F911E2E6C23}.Release|Any CPU.Build.0 = Release|Any CPU
		{98EA2F37-9079-45F4-A190-8F911E2E6C23}.Release|Any CPU.Deploy.0 = Release|Any CPU
		{98EA2F37-9079-45F4-A190-8F911E2E6C23}.Release|ARM.ActiveCfg = Release|Any CPU
		{98EA2F37-9079-45F4-A190-8F911E2E6C23}.Release|ARM.Build.0 = Release|Any CPU
		{98EA2F37-9079-45F4-A190-8F911E2E6C23}.Release|ARM.Deploy.0 = Release|Any CPU
		{98EA2F37-9079-45F4-A190-8F911E2E6C23}.Release|iPhone.ActiveCfg = Release|Any CPU
		{98EA2F37-9079-45F4-A190-8F911E2E6C23}.Release|iPhone.Build.0 = Release|Any CPU
		{98EA2F37-9079-45F4-A190-8F911E2E6C23}.Release|iPhone.Deploy.0 = Release|Any CPU
		{98EA2F37-9079-45F4-A190-8F911E2E6C23}.Release|iPhoneSimulator.ActiveCfg = Release|Any CPU
		{98EA2F37-9079-45F4-A190-8F911E2E6C23}.Release|iPhoneSimulator.Build.0 = Release|Any CPU
		{98EA2F37-9079-45F4-A190-8F911E2E6C23}.Release|iPhoneSimulator.Deploy.0 = Release|Any CPU
		{98EA2F37-9079-45F4-A190-8F911E2E6C23}.Release|x64.ActiveCfg = Release|Any CPU
		{98EA2F37-9079-45F4-A190-8F911E2E6C23}.Release|x64.Build.0 = Release|Any CPU
		{98EA2F37-9079-45F4-A190-8F911E2E6C23}.Release|x64.Deploy.0 = Release|Any CPU
		{98EA2F37-9079-45F4-A190-8F911E2E6C23}.Release|x86.ActiveCfg = Release|Any CPU
		{98EA2F37-9079-45F4-A190-8F911E2E6C23}.Release|x86.Build.0 = Release|Any CPU
		{98EA2F37-9079-45F4-A190-8F911E2E6C23}.Release|x86.Deploy.0 = Release|Any CPU
	EndGlobalSection
	GlobalSection(SolutionProperties) = preSolution
		HideSolutionNode = FALSE
	EndGlobalSection
	GlobalSection(ExtensibilityGlobals) = postSolution
		SolutionGuid = {47B1579E-AA13-4DE7-8462-4B98BC71D753}
	EndGlobalSection
EndGlobal
