
Microsoft Visual Studio Solution File, Format Version 12.00
# Visual Studio Version 16
VisualStudioVersion = 16.0.30011.22
MinimumVisualStudioVersion = 10.0.40219.1
Project("{FAE04EC0-301F-11D3-BF4B-00C04F79EFBC}") = "App02.UWP", "App02\App02.UWP\App02.UWP.csproj", "{2F709B55-CFE7-480D-8847-DAF2E39306CF}"
EndProject
Project("{FAE04EC0-301F-11D3-BF4B-00C04F79EFBC}") = "App02.Android", "App02\App02.Android\App02.Android.csproj", "{41767874-4BCC-4BE0-A025-D045C9F76AD5}"
EndProject
Project("{FAE04EC0-301F-11D3-BF4B-00C04F79EFBC}") = "App02.iOS", "App02\App02.iOS\App02.iOS.csproj", "{BDCD4FD9-EA29-4D8A-AF3F-70184D756D6C}"
EndProject
Project("{FAE04EC0-301F-11D3-BF4B-00C04F79EFBC}") = "App02", "App02\App02\App02.csproj", "{9294A96A-A10A-43EC-A97A-540CB0ED70DC}"
EndProject
Global
	GlobalSection(SolutionConfigurationPlatforms) = preSolution
		Debug|Any CPU = Debug|Any CPU
		Debug|ARM = Debug|ARM
		Debug|iPhone = Debug|iPhone
		Debug|iPhoneSimulator = Debug|iPhoneSimulator
		Debug|x64 = Debug|x64
		Debug|x86 = Debug|x86
		Release|Any CPU = Release|Any CPU
		Release|ARM = Release|ARM
		Release|iPhone = Release|iPhone
		Release|iPhoneSimulator = Release|iPhoneSimulator
		Release|x64 = Release|x64
		Release|x86 = Release|x86
	EndGlobalSection
	GlobalSection(ProjectConfigurationPlatforms) = postSolution
		{2F709B55-CFE7-480D-8847-DAF2E39306CF}.Debug|Any CPU.ActiveCfg = Debug|x86
		{2F709B55-CFE7-480D-8847-DAF2E39306CF}.Debug|Any CPU.Build.0 = Debug|x86
		{2F709B55-CFE7-480D-8847-DAF2E39306CF}.Debug|Any CPU.Deploy.0 = Debug|x86
		{2F709B55-CFE7-480D-8847-DAF2E39306CF}.Debug|ARM.ActiveCfg = Debug|ARM
		{2F709B55-CFE7-480D-8847-DAF2E39306CF}.Debug|ARM.Build.0 = Debug|ARM
		{2F709B55-CFE7-480D-8847-DAF2E39306CF}.Debug|ARM.Deploy.0 = Debug|ARM
		{2F709B55-CFE7-480D-8847-DAF2E39306CF}.Debug|iPhone.ActiveCfg = Debug|x86
		{2F709B55-CFE7-480D-8847-DAF2E39306CF}.Debug|iPhone.Build.0 = Debug|x86
		{2F709B55-CFE7-480D-8847-DAF2E39306CF}.Debug|iPhone.Deploy.0 = Debug|x86
		{2F709B55-CFE7-480D-8847-DAF2E39306CF}.Debug|iPhoneSimulator.ActiveCfg = Debug|x86
		{2F709B55-CFE7-480D-8847-DAF2E39306CF}.Debug|iPhoneSimulator.Build.0 = Debug|x86
		{2F709B55-CFE7-480D-8847-DAF2E39306CF}.Debug|iPhoneSimulator.Deploy.0 = Debug|x86
		{2F709B55-CFE7-480D-8847-DAF2E39306CF}.Debug|x64.ActiveCfg = Debug|x64
		{2F709B55-CFE7-480D-8847-DAF2E39306CF}.Debug|x64.Build.0 = Debug|x64
		{2F709B55-CFE7-480D-8847-DAF2E39306CF}.Debug|x64.Deploy.0 = Debug|x64
		{2F709B55-CFE7-480D-8847-DAF2E39306CF}.Debug|x86.ActiveCfg = Debug|x86
		{2F709B55-CFE7-480D-8847-DAF2E39306CF}.Debug|x86.Build.0 = Debug|x86
		{2F709B55-CFE7-480D-8847-DAF2E39306CF}.Debug|x86.Deploy.0 = Debug|x86
		{2F709B55-CFE7-480D-8847-DAF2E39306CF}.Release|Any CPU.ActiveCfg = Release|x86
		{2F709B55-CFE7-480D-8847-DAF2E39306CF}.Release|Any CPU.Build.0 = Release|x86
		{2F709B55-CFE7-480D-8847-DAF2E39306CF}.Release|Any CPU.Deploy.0 = Release|x86
		{2F709B55-CFE7-480D-8847-DAF2E39306CF}.Release|ARM.ActiveCfg = Release|ARM
		{2F709B55-CFE7-480D-8847-DAF2E39306CF}.Release|ARM.Build.0 = Release|ARM
		{2F709B55-CFE7-480D-8847-DAF2E39306CF}.Release|ARM.Deploy.0 = Release|ARM
		{2F709B55-CFE7-480D-8847-DAF2E39306CF}.Release|iPhone.ActiveCfg = Release|x86
		{2F709B55-CFE7-480D-8847-DAF2E39306CF}.Release|iPhone.Build.0 = Release|x86
		{2F709B55-CFE7-480D-8847-DAF2E39306CF}.Release|iPhone.Deploy.0 = Release|x86
		{2F709B55-CFE7-480D-8847-DAF2E39306CF}.Release|iPhoneSimulator.ActiveCfg = Release|x86
		{2F709B55-CFE7-480D-8847-DAF2E39306CF}.Release|iPhoneSimulator.Build.0 = Release|x86
		{2F709B55-CFE7-480D-8847-DAF2E39306CF}.Release|iPhoneSimulator.Deploy.0 = Release|x86
		{2F709B55-CFE7-480D-8847-DAF2E39306CF}.Release|x64.ActiveCfg = Release|x64
		{2F709B55-CFE7-480D-8847-DAF2E39306CF}.Release|x64.Build.0 = Release|x64
		{2F709B55-CFE7-480D-8847-DAF2E39306CF}.Release|x64.Deploy.0 = Release|x64
		{2F709B55-CFE7-480D-8847-DAF2E39306CF}.Release|x86.ActiveCfg = Release|x86
		{2F709B55-CFE7-480D-8847-DAF2E39306CF}.Release|x86.Build.0 = Release|x86
		{2F709B55-CFE7-480D-8847-DAF2E39306CF}.Release|x86.Deploy.0 = Release|x86
		{41767874-4BCC-4BE0-A025-D045C9F76AD5}.Debug|Any CPU.ActiveCfg = Debug|Any CPU
		{41767874-4BCC-4BE0-A025-D045C9F76AD5}.Debug|Any CPU.Build.0 = Debug|Any CPU
		{41767874-4BCC-4BE0-A025-D045C9F76AD5}.Debug|Any CPU.Deploy.0 = Debug|Any CPU
		{41767874-4BCC-4BE0-A025-D045C9F76AD5}.Debug|ARM.ActiveCfg = Debug|Any CPU
		{41767874-4BCC-4BE0-A025-D045C9F76AD5}.Debug|ARM.Build.0 = Debug|Any CPU
		{41767874-4BCC-4BE0-A025-D045C9F76AD5}.Debug|ARM.Deploy.0 = Debug|Any CPU
		{41767874-4BCC-4BE0-A025-D045C9F76AD5}.Debug|iPhone.ActiveCfg = Debug|Any CPU
		{41767874-4BCC-4BE0-A025-D045C9F76AD5}.Debug|iPhone.Build.0 = Debug|Any CPU
		{41767874-4BCC-4BE0-A025-D045C9F76AD5}.Debug|iPhone.Deploy.0 = Debug|Any CPU
		{41767874-4BCC-4BE0-A025-D045C9F76AD5}.Debug|iPhoneSimulator.ActiveCfg = Debug|Any CPU
		{41767874-4BCC-4BE0-A025-D045C9F76AD5}.Debug|iPhoneSimulator.Build.0 = Debug|Any CPU
		{41767874-4BCC-4BE0-A025-D045C9F76AD5}.Debug|iPhoneSimulator.Deploy.0 = Debug|Any CPU
		{41767874-4BCC-4BE0-A025-D045C9F76AD5}.Debug|x64.ActiveCfg = Debug|Any CPU
		{41767874-4BCC-4BE0-A025-D045C9F76AD5}.Debug|x64.Build.0 = Debug|Any CPU
		{41767874-4BCC-4BE0-A025-D045C9F76AD5}.Debug|x64.Deploy.0 = Debug|Any CPU
		{41767874-4BCC-4BE0-A025-D045C9F76AD5}.Debug|x86.ActiveCfg = Debug|Any CPU
		{41767874-4BCC-4BE0-A025-D045C9F76AD5}.Debug|x86.Build.0 = Debug|Any CPU
		{41767874-4BCC-4BE0-A025-D045C9F76AD5}.Debug|x86.Deploy.0 = Debug|Any CPU
		{41767874-4BCC-4BE0-A025-D045C9F76AD5}.Release|Any CPU.ActiveCfg = Release|Any CPU
		{41767874-4BCC-4BE0-A025-D045C9F76AD5}.Release|Any CPU.Build.0 = Release|Any CPU
		{41767874-4BCC-4BE0-A025-D045C9F76AD5}.Release|Any CPU.Deploy.0 = Release|Any CPU
		{41767874-4BCC-4BE0-A025-D045C9F76AD5}.Release|ARM.ActiveCfg = Release|Any CPU
		{41767874-4BCC-4BE0-A025-D045C9F76AD5}.Release|ARM.Build.0 = Release|Any CPU
		{41767874-4BCC-4BE0-A025-D045C9F76AD5}.Release|ARM.Deploy.0 = Release|Any CPU
		{41767874-4BCC-4BE0-A025-D045C9F76AD5}.Release|iPhone.ActiveCfg = Release|Any CPU
		{41767874-4BCC-4BE0-A025-D045C9F76AD5}.Release|iPhone.Build.0 = Release|Any CPU
		{41767874-4BCC-4BE0-A025-D045C9F76AD5}.Release|iPhone.Deploy.0 = Release|Any CPU
		{41767874-4BCC-4BE0-A025-D045C9F76AD5}.Release|iPhoneSimulator.ActiveCfg = Release|Any CPU
		{41767874-4BCC-4BE0-A025-D045C9F76AD5}.Release|iPhoneSimulator.Build.0 = Release|Any CPU
		{41767874-4BCC-4BE0-A025-D045C9F76AD5}.Release|iPhoneSimulator.Deploy.0 = Release|Any CPU
		{41767874-4BCC-4BE0-A025-D045C9F76AD5}.Release|x64.ActiveCfg = Release|Any CPU
		{41767874-4BCC-4BE0-A025-D045C9F76AD5}.Release|x64.Build.0 = Release|Any CPU
		{41767874-4BCC-4BE0-A025-D045C9F76AD5}.Release|x64.Deploy.0 = Release|Any CPU
		{41767874-4BCC-4BE0-A025-D045C9F76AD5}.Release|x86.ActiveCfg = Release|Any CPU
		{41767874-4BCC-4BE0-A025-D045C9F76AD5}.Release|x86.Build.0 = Release|Any CPU
		{41767874-4BCC-4BE0-A025-D045C9F76AD5}.Release|x86.Deploy.0 = Release|Any CPU
		{BDCD4FD9-EA29-4D8A-AF3F-70184D756D6C}.Debug|Any CPU.ActiveCfg = Debug|iPhone
		{BDCD4FD9-EA29-4D8A-AF3F-70184D756D6C}.Debug|Any CPU.Build.0 = Debug|iPhone
		{BDCD4FD9-EA29-4D8A-AF3F-70184D756D6C}.Debug|Any CPU.Deploy.0 = Debug|iPhone
		{BDCD4FD9-EA29-4D8A-AF3F-70184D756D6C}.Debug|ARM.ActiveCfg = Debug|iPhone
		{BDCD4FD9-EA29-4D8A-AF3F-70184D756D6C}.Debug|ARM.Build.0 = Debug|iPhone
		{BDCD4FD9-EA29-4D8A-AF3F-70184D756D6C}.Debug|ARM.Deploy.0 = Debug|iPhone
		{BDCD4FD9-EA29-4D8A-AF3F-70184D756D6C}.Debug|iPhone.ActiveCfg = Debug|iPhone
		{BDCD4FD9-EA29-4D8A-AF3F-70184D756D6C}.Debug|iPhone.Build.0 = Debug|iPhone
		{BDCD4FD9-EA29-4D8A-AF3F-70184D756D6C}.Debug|iPhone.Deploy.0 = Debug|iPhone
		{BDCD4FD9-EA29-4D8A-AF3F-70184D756D6C}.Debug|iPhoneSimulator.ActiveCfg = Debug|iPhoneSimulator
		{BDCD4FD9-EA29-4D8A-AF3F-70184D756D6C}.Debug|iPhoneSimulator.Build.0 = Debug|iPhoneSimulator
		{BDCD4FD9-EA29-4D8A-AF3F-70184D756D6C}.Debug|iPhoneSimulator.Deploy.0 = Debug|iPhoneSimulator
		{BDCD4FD9-EA29-4D8A-AF3F-70184D756D6C}.Debug|x64.ActiveCfg = Debug|iPhone
		{BDCD4FD9-EA29-4D8A-AF3F-70184D756D6C}.Debug|x64.Build.0 = Debug|iPhone
		{BDCD4FD9-EA29-4D8A-AF3F-70184D756D6C}.Debug|x64.Deploy.0 = Debug|iPhone
		{BDCD4FD9-EA29-4D8A-AF3F-70184D756D6C}.Debug|x86.ActiveCfg = Debug|iPhone
		{BDCD4FD9-EA29-4D8A-AF3F-70184D756D6C}.Debug|x86.Build.0 = Debug|iPhone
		{BDCD4FD9-EA29-4D8A-AF3F-70184D756D6C}.Debug|x86.Deploy.0 = Debug|iPhone
		{BDCD4FD9-EA29-4D8A-AF3F-70184D756D6C}.Release|Any CPU.ActiveCfg = Release|iPhone
		{BDCD4FD9-EA29-4D8A-AF3F-70184D756D6C}.Release|Any CPU.Build.0 = Release|iPhone
		{BDCD4FD9-EA29-4D8A-AF3F-70184D756D6C}.Release|Any CPU.Deploy.0 = Release|iPhone
		{BDCD4FD9-EA29-4D8A-AF3F-70184D756D6C}.Release|ARM.ActiveCfg = Release|iPhone
		{BDCD4FD9-EA29-4D8A-AF3F-70184D756D6C}.Release|ARM.Build.0 = Release|iPhone
		{BDCD4FD9-EA29-4D8A-AF3F-70184D756D6C}.Release|ARM.Deploy.0 = Release|iPhone
		{BDCD4FD9-EA29-4D8A-AF3F-70184D756D6C}.Release|iPhone.ActiveCfg = Release|iPhone
		{BDCD4FD9-EA29-4D8A-AF3F-70184D756D6C}.Release|iPhone.Build.0 = Release|iPhone
		{BDCD4FD9-EA29-4D8A-AF3F-70184D756D6C}.Release|iPhone.Deploy.0 = Release|iPhone
		{BDCD4FD9-EA29-4D8A-AF3F-70184D756D6C}.Release|iPhoneSimulator.ActiveCfg = Release|iPhoneSimulator
		{BDCD4FD9-EA29-4D8A-AF3F-70184D756D6C}.Release|iPhoneSimulator.Build.0 = Release|iPhoneSimulator
		{BDCD4FD9-EA29-4D8A-AF3F-70184D756D6C}.Release|iPhoneSimulator.Deploy.0 = Release|iPhoneSimulator
		{BDCD4FD9-EA29-4D8A-AF3F-70184D756D6C}.Release|x64.ActiveCfg = Release|iPhone
		{BDCD4FD9-EA29-4D8A-AF3F-70184D756D6C}.Release|x64.Build.0 = Release|iPhone
		{BDCD4FD9-EA29-4D8A-AF3F-70184D756D6C}.Release|x64.Deploy.0 = Release|iPhone
		{BDCD4FD9-EA29-4D8A-AF3F-70184D756D6C}.Release|x86.ActiveCfg = Release|iPhone
		{BDCD4FD9-EA29-4D8A-AF3F-70184D756D6C}.Release|x86.Build.0 = Release|iPhone
		{BDCD4FD9-EA29-4D8A-AF3F-70184D756D6C}.Release|x86.Deploy.0 = Release|iPhone
		{9294A96A-A10A-43EC-A97A-540CB0ED70DC}.Debug|Any CPU.ActiveCfg = Debug|Any CPU
		{9294A96A-A10A-43EC-A97A-540CB0ED70DC}.Debug|Any CPU.Build.0 = Debug|Any CPU
		{9294A96A-A10A-43EC-A97A-540CB0ED70DC}.Debug|Any CPU.Deploy.0 = Debug|Any CPU
		{9294A96A-A10A-43EC-A97A-540CB0ED70DC}.Debug|ARM.ActiveCfg = Debug|Any CPU
		{9294A96A-A10A-43EC-A97A-540CB0ED70DC}.Debug|ARM.Build.0 = Debug|Any CPU
		{9294A96A-A10A-43EC-A97A-540CB0ED70DC}.Debug|ARM.Deploy.0 = Debug|Any CPU
		{9294A96A-A10A-43EC-A97A-540CB0ED70DC}.Debug|iPhone.ActiveCfg = Debug|Any CPU
		{9294A96A-A10A-43EC-A97A-540CB0ED70DC}.Debug|iPhone.Build.0 = Debug|Any CPU
		{9294A96A-A10A-43EC-A97A-540CB0ED70DC}.Debug|iPhone.Deploy.0 = Debug|Any CPU
		{9294A96A-A10A-43EC-A97A-540CB0ED70DC}.Debug|iPhoneSimulator.ActiveCfg = Debug|Any CPU
		{9294A96A-A10A-43EC-A97A-540CB0ED70DC}.Debug|iPhoneSimulator.Build.0 = Debug|Any CPU
		{9294A96A-A10A-43EC-A97A-540CB0ED70DC}.Debug|iPhoneSimulator.Deploy.0 = Debug|Any CPU
		{9294A96A-A10A-43EC-A97A-540CB0ED70DC}.Debug|x64.ActiveCfg = Debug|Any CPU
		{9294A96A-A10A-43EC-A97A-540CB0ED70DC}.Debug|x64.Build.0 = Debug|Any CPU
		{9294A96A-A10A-43EC-A97A-540CB0ED70DC}.Debug|x64.Deploy.0 = Debug|Any CPU
		{9294A96A-A10A-43EC-A97A-540CB0ED70DC}.Debug|x86.ActiveCfg = Debug|Any CPU
		{9294A96A-A10A-43EC-A97A-540CB0ED70DC}.Debug|x86.Build.0 = Debug|Any CPU
		{9294A96A-A10A-43EC-A97A-540CB0ED70DC}.Debug|x86.Deploy.0 = Debug|Any CPU
		{9294A96A-A10A-43EC-A97A-540CB0ED70DC}.Release|Any CPU.ActiveCfg = Release|Any CPU
		{9294A96A-A10A-43EC-A97A-540CB0ED70DC}.Release|Any CPU.Build.0 = Release|Any CPU
		{9294A96A-A10A-43EC-A97A-540CB0ED70DC}.Release|Any CPU.Deploy.0 = Release|Any CPU
		{9294A96A-A10A-43EC-A97A-540CB0ED70DC}.Release|ARM.ActiveCfg = Release|Any CPU
		{9294A96A-A10A-43EC-A97A-540CB0ED70DC}.Release|ARM.Build.0 = Release|Any CPU
		{9294A96A-A10A-43EC-A97A-540CB0ED70DC}.Release|ARM.Deploy.0 = Release|Any CPU
		{9294A96A-A10A-43EC-A97A-540CB0ED70DC}.Release|iPhone.ActiveCfg = Release|Any CPU
		{9294A96A-A10A-43EC-A97A-540CB0ED70DC}.Release|iPhone.Build.0 = Release|Any CPU
		{9294A96A-A10A-43EC-A97A-540CB0ED70DC}.Release|iPhone.Deploy.0 = Release|Any CPU
		{9294A96A-A10A-43EC-A97A-540CB0ED70DC}.Release|iPhoneSimulator.ActiveCfg = Release|Any CPU
		{9294A96A-A10A-43EC-A97A-540CB0ED70DC}.Release|iPhoneSimulator.Build.0 = Release|Any CPU
		{9294A96A-A10A-43EC-A97A-540CB0ED70DC}.Release|iPhoneSimulator.Deploy.0 = Release|Any CPU
		{9294A96A-A10A-43EC-A97A-540CB0ED70DC}.Release|x64.ActiveCfg = Release|Any CPU
		{9294A96A-A10A-43EC-A97A-540CB0ED70DC}.Release|x64.Build.0 = Release|Any CPU
		{9294A96A-A10A-43EC-A97A-540CB0ED70DC}.Release|x64.Deploy.0 = Release|Any CPU
		{9294A96A-A10A-43EC-A97A-540CB0ED70DC}.Release|x86.ActiveCfg = Release|Any CPU
		{9294A96A-A10A-43EC-A97A-540CB0ED70DC}.Release|x86.Build.0 = Release|Any CPU
		{9294A96A-A10A-43EC-A97A-540CB0ED70DC}.Release|x86.Deploy.0 = Release|Any CPU
	EndGlobalSection
	GlobalSection(SolutionProperties) = preSolution
		HideSolutionNode = FALSE
	EndGlobalSection
	GlobalSection(ExtensibilityGlobals) = postSolution
		SolutionGuid = {C755D108-8FEF-470B-BE47-CD7DEE277FEE}
	EndGlobalSection
EndGlobal
