
Microsoft Visual Studio Solution File, Format Version 12.00
# Visual Studio Version 16
VisualStudioVersion = 16.0.30011.22
MinimumVisualStudioVersion = 10.0.40219.1
Project("{FAE04EC0-301F-11D3-BF4B-00C04F79EFBC}") = "App08.UWP", "App08\App08.UWP\App08.UWP.csproj", "{C469EC11-E5B5-40AD-AC5B-56F9A0C95D93}"
EndProject
Project("{FAE04EC0-301F-11D3-BF4B-00C04F79EFBC}") = "App08.Android", "App08\App08.Android\App08.Android.csproj", "{E6399606-9524-4A1A-82ED-9793F8B1DAAD}"
EndProject
Project("{FAE04EC0-301F-11D3-BF4B-00C04F79EFBC}") = "App08.iOS", "App08\App08.iOS\App08.iOS.csproj", "{0A032951-D940-46E9-8737-E1ACCEF3A399}"
EndProject
Project("{FAE04EC0-301F-11D3-BF4B-00C04F79EFBC}") = "App08", "App08\App08\App08.csproj", "{69A3FEE9-FA53-4513-8951-E0EF1C973C2B}"
EndProject
Global
	GlobalSection(SolutionConfigurationPlatforms) = preSolution
		Debug|Any CPU = Debug|Any CPU
		Debug|ARM = Debug|ARM
		Debug|iPhone = Debug|iPhone
		Debug|iPhoneSimulator = Debug|iPhoneSimulator
		Debug|x64 = Debug|x64
		Debug|x86 = Debug|x86
		Release|Any CPU = Release|Any CPU
		Release|ARM = Release|ARM
		Release|iPhone = Release|iPhone
		Release|iPhoneSimulator = Release|iPhoneSimulator
		Release|x64 = Release|x64
		Release|x86 = Release|x86
	EndGlobalSection
	GlobalSection(ProjectConfigurationPlatforms) = postSolution
		{C469EC11-E5B5-40AD-AC5B-56F9A0C95D93}.Debug|Any CPU.ActiveCfg = Debug|x86
		{C469EC11-E5B5-40AD-AC5B-56F9A0C95D93}.Debug|Any CPU.Build.0 = Debug|x86
		{C469EC11-E5B5-40AD-AC5B-56F9A0C95D93}.Debug|Any CPU.Deploy.0 = Debug|x86
		{C469EC11-E5B5-40AD-AC5B-56F9A0C95D93}.Debug|ARM.ActiveCfg = Debug|ARM
		{C469EC11-E5B5-40AD-AC5B-56F9A0C95D93}.Debug|ARM.Build.0 = Debug|ARM
		{C469EC11-E5B5-40AD-AC5B-56F9A0C95D93}.Debug|ARM.Deploy.0 = Debug|ARM
		{C469EC11-E5B5-40AD-AC5B-56F9A0C95D93}.Debug|iPhone.ActiveCfg = Debug|x86
		{C469EC11-E5B5-40AD-AC5B-56F9A0C95D93}.Debug|iPhone.Build.0 = Debug|x86
		{C469EC11-E5B5-40AD-AC5B-56F9A0C95D93}.Debug|iPhone.Deploy.0 = Debug|x86
		{C469EC11-E5B5-40AD-AC5B-56F9A0C95D93}.Debug|iPhoneSimulator.ActiveCfg = Debug|x86
		{C469EC11-E5B5-40AD-AC5B-56F9A0C95D93}.Debug|iPhoneSimulator.Build.0 = Debug|x86
		{C469EC11-E5B5-40AD-AC5B-56F9A0C95D93}.Debug|iPhoneSimulator.Deploy.0 = Debug|x86
		{C469EC11-E5B5-40AD-AC5B-56F9A0C95D93}.Debug|x64.ActiveCfg = Debug|x64
		{C469EC11-E5B5-40AD-AC5B-56F9A0C95D93}.Debug|x64.Build.0 = Debug|x64
		{C469EC11-E5B5-40AD-AC5B-56F9A0C95D93}.Debug|x64.Deploy.0 = Debug|x64
		{C469EC11-E5B5-40AD-AC5B-56F9A0C95D93}.Debug|x86.ActiveCfg = Debug|x86
		{C469EC11-E5B5-40AD-AC5B-56F9A0C95D93}.Debug|x86.Build.0 = Debug|x86
		{C469EC11-E5B5-40AD-AC5B-56F9A0C95D93}.Debug|x86.Deploy.0 = Debug|x86
		{C469EC11-E5B5-40AD-AC5B-56F9A0C95D93}.Release|Any CPU.ActiveCfg = Release|x86
		{C469EC11-E5B5-40AD-AC5B-56F9A0C95D93}.Release|Any CPU.Build.0 = Release|x86
		{C469EC11-E5B5-40AD-AC5B-56F9A0C95D93}.Release|Any CPU.Deploy.0 = Release|x86
		{C469EC11-E5B5-40AD-AC5B-56F9A0C95D93}.Release|ARM.ActiveCfg = Release|ARM
		{C469EC11-E5B5-40AD-AC5B-56F9A0C95D93}.Release|ARM.Build.0 = Release|ARM
		{C469EC11-E5B5-40AD-AC5B-56F9A0C95D93}.Release|ARM.Deploy.0 = Release|ARM
		{C469EC11-E5B5-40AD-AC5B-56F9A0C95D93}.Release|iPhone.ActiveCfg = Release|x86
		{C469EC11-E5B5-40AD-AC5B-56F9A0C95D93}.Release|iPhone.Build.0 = Release|x86
		{C469EC11-E5B5-40AD-AC5B-56F9A0C95D93}.Release|iPhone.Deploy.0 = Release|x86
		{C469EC11-E5B5-40AD-AC5B-56F9A0C95D93}.Release|iPhoneSimulator.ActiveCfg = Release|x86
		{C469EC11-E5B5-40AD-AC5B-56F9A0C95D93}.Release|iPhoneSimulator.Build.0 = Release|x86
		{C469EC11-E5B5-40AD-AC5B-56F9A0C95D93}.Release|iPhoneSimulator.Deploy.0 = Release|x86
		{C469EC11-E5B5-40AD-AC5B-56F9A0C95D93}.Release|x64.ActiveCfg = Release|x64
		{C469EC11-E5B5-40AD-AC5B-56F9A0C95D93}.Release|x64.Build.0 = Release|x64
		{C469EC11-E5B5-40AD-AC5B-56F9A0C95D93}.Release|x64.Deploy.0 = Release|x64
		{C469EC11-E5B5-40AD-AC5B-56F9A0C95D93}.Release|x86.ActiveCfg = Release|x86
		{C469EC11-E5B5-40AD-AC5B-56F9A0C95D93}.Release|x86.Build.0 = Release|x86
		{C469EC11-E5B5-40AD-AC5B-56F9A0C95D93}.Release|x86.Deploy.0 = Release|x86
		{E6399606-9524-4A1A-82ED-9793F8B1DAAD}.Debug|Any CPU.ActiveCfg = Debug|Any CPU
		{E6399606-9524-4A1A-82ED-9793F8B1DAAD}.Debug|Any CPU.Build.0 = Debug|Any CPU
		{E6399606-9524-4A1A-82ED-9793F8B1DAAD}.Debug|Any CPU.Deploy.0 = Debug|Any CPU
		{E6399606-9524-4A1A-82ED-9793F8B1DAAD}.Debug|ARM.ActiveCfg = Debug|Any CPU
		{E6399606-9524-4A1A-82ED-9793F8B1DAAD}.Debug|ARM.Build.0 = Debug|Any CPU
		{E6399606-9524-4A1A-82ED-9793F8B1DAAD}.Debug|ARM.Deploy.0 = Debug|Any CPU
		{E6399606-9524-4A1A-82ED-9793F8B1DAAD}.Debug|iPhone.ActiveCfg = Debug|Any CPU
		{E6399606-9524-4A1A-82ED-9793F8B1DAAD}.Debug|iPhone.Build.0 = Debug|Any CPU
		{E6399606-9524-4A1A-82ED-9793F8B1DAAD}.Debug|iPhone.Deploy.0 = Debug|Any CPU
		{E6399606-9524-4A1A-82ED-9793F8B1DAAD}.Debug|iPhoneSimulator.ActiveCfg = Debug|Any CPU
		{E6399606-9524-4A1A-82ED-9793F8B1DAAD}.Debug|iPhoneSimulator.Build.0 = Debug|Any CPU
		{E6399606-9524-4A1A-82ED-9793F8B1DAAD}.Debug|iPhoneSimulator.Deploy.0 = Debug|Any CPU
		{E6399606-9524-4A1A-82ED-9793F8B1DAAD}.Debug|x64.ActiveCfg = Debug|Any CPU
		{E6399606-9524-4A1A-82ED-9793F8B1DAAD}.Debug|x64.Build.0 = Debug|Any CPU
		{E6399606-9524-4A1A-82ED-9793F8B1DAAD}.Debug|x64.Deploy.0 = Debug|Any CPU
		{E6399606-9524-4A1A-82ED-9793F8B1DAAD}.Debug|x86.ActiveCfg = Debug|Any CPU
		{E6399606-9524-4A1A-82ED-9793F8B1DAAD}.Debug|x86.Build.0 = Debug|Any CPU
		{E6399606-9524-4A1A-82ED-9793F8B1DAAD}.Debug|x86.Deploy.0 = Debug|Any CPU
		{E6399606-9524-4A1A-82ED-9793F8B1DAAD}.Release|Any CPU.ActiveCfg = Release|Any CPU
		{E6399606-9524-4A1A-82ED-9793F8B1DAAD}.Release|Any CPU.Build.0 = Release|Any CPU
		{E6399606-9524-4A1A-82ED-9793F8B1DAAD}.Release|Any CPU.Deploy.0 = Release|Any CPU
		{E6399606-9524-4A1A-82ED-9793F8B1DAAD}.Release|ARM.ActiveCfg = Release|Any CPU
		{E6399606-9524-4A1A-82ED-9793F8B1DAAD}.Release|ARM.Build.0 = Release|Any CPU
		{E6399606-9524-4A1A-82ED-9793F8B1DAAD}.Release|ARM.Deploy.0 = Release|Any CPU
		{E6399606-9524-4A1A-82ED-9793F8B1DAAD}.Release|iPhone.ActiveCfg = Release|Any CPU
		{E6399606-9524-4A1A-82ED-9793F8B1DAAD}.Release|iPhone.Build.0 = Release|Any CPU
		{E6399606-9524-4A1A-82ED-9793F8B1DAAD}.Release|iPhone.Deploy.0 = Release|Any CPU
		{E6399606-9524-4A1A-82ED-9793F8B1DAAD}.Release|iPhoneSimulator.ActiveCfg = Release|Any CPU
		{E6399606-9524-4A1A-82ED-9793F8B1DAAD}.Release|iPhoneSimulator.Build.0 = Release|Any CPU
		{E6399606-9524-4A1A-82ED-9793F8B1DAAD}.Release|iPhoneSimulator.Deploy.0 = Release|Any CPU
		{E6399606-9524-4A1A-82ED-9793F8B1DAAD}.Release|x64.ActiveCfg = Release|Any CPU
		{E6399606-9524-4A1A-82ED-9793F8B1DAAD}.Release|x64.Build.0 = Release|Any CPU
		{E6399606-9524-4A1A-82ED-9793F8B1DAAD}.Release|x64.Deploy.0 = Release|Any CPU
		{E6399606-9524-4A1A-82ED-9793F8B1DAAD}.Release|x86.ActiveCfg = Release|Any CPU
		{E6399606-9524-4A1A-82ED-9793F8B1DAAD}.Release|x86.Build.0 = Release|Any CPU
		{E6399606-9524-4A1A-82ED-9793F8B1DAAD}.Release|x86.Deploy.0 = Release|Any CPU
		{0A032951-D940-46E9-8737-E1ACCEF3A399}.Debug|Any CPU.ActiveCfg = Debug|iPhone
		{0A032951-D940-46E9-8737-E1ACCEF3A399}.Debug|Any CPU.Build.0 = Debug|iPhone
		{0A032951-D940-46E9-8737-E1ACCEF3A399}.Debug|Any CPU.Deploy.0 = Debug|iPhone
		{0A032951-D940-46E9-8737-E1ACCEF3A399}.Debug|ARM.ActiveCfg = Debug|iPhone
		{0A032951-D940-46E9-8737-E1ACCEF3A399}.Debug|ARM.Build.0 = Debug|iPhone
		{0A032951-D940-46E9-8737-E1ACCEF3A399}.Debug|ARM.Deploy.0 = Debug|iPhone
		{0A032951-D940-46E9-8737-E1ACCEF3A399}.Debug|iPhone.ActiveCfg = Debug|iPhone
		{0A032951-D940-46E9-8737-E1ACCEF3A399}.Debug|iPhone.Build.0 = Debug|iPhone
		{0A032951-D940-46E9-8737-E1ACCEF3A399}.Debug|iPhone.Deploy.0 = Debug|iPhone
		{0A032951-D940-46E9-8737-E1ACCEF3A399}.Debug|iPhoneSimulator.ActiveCfg = Debug|iPhoneSimulator
		{0A032951-D940-46E9-8737-E1ACCEF3A399}.Debug|iPhoneSimulator.Build.0 = Debug|iPhoneSimulator
		{0A032951-D940-46E9-8737-E1ACCEF3A399}.Debug|iPhoneSimulator.Deploy.0 = Debug|iPhoneSimulator
		{0A032951-D940-46E9-8737-E1ACCEF3A399}.Debug|x64.ActiveCfg = Debug|iPhone
		{0A032951-D940-46E9-8737-E1ACCEF3A399}.Debug|x64.Build.0 = Debug|iPhone
		{0A032951-D940-46E9-8737-E1ACCEF3A399}.Debug|x64.Deploy.0 = Debug|iPhone
		{0A032951-D940-46E9-8737-E1ACCEF3A399}.Debug|x86.ActiveCfg = Debug|iPhone
		{0A032951-D940-46E9-8737-E1ACCEF3A399}.Debug|x86.Build.0 = Debug|iPhone
		{0A032951-D940-46E9-8737-E1ACCEF3A399}.Debug|x86.Deploy.0 = Debug|iPhone
		{0A032951-D940-46E9-8737-E1ACCEF3A399}.Release|Any CPU.ActiveCfg = Release|iPhone
		{0A032951-D940-46E9-8737-E1ACCEF3A399}.Release|Any CPU.Build.0 = Release|iPhone
		{0A032951-D940-46E9-8737-E1ACCEF3A399}.Release|Any CPU.Deploy.0 = Release|iPhone
		{0A032951-D940-46E9-8737-E1ACCEF3A399}.Release|ARM.ActiveCfg = Release|iPhone
		{0A032951-D940-46E9-8737-E1ACCEF3A399}.Release|ARM.Build.0 = Release|iPhone
		{0A032951-D940-46E9-8737-E1ACCEF3A399}.Release|ARM.Deploy.0 = Release|iPhone
		{0A032951-D940-46E9-8737-E1ACCEF3A399}.Release|iPhone.ActiveCfg = Release|iPhone
		{0A032951-D940-46E9-8737-E1ACCEF3A399}.Release|iPhone.Build.0 = Release|iPhone
		{0A032951-D940-46E9-8737-E1ACCEF3A399}.Release|iPhone.Deploy.0 = Release|iPhone
		{0A032951-D940-46E9-8737-E1ACCEF3A399}.Release|iPhoneSimulator.ActiveCfg = Release|iPhoneSimulator
		{0A032951-D940-46E9-8737-E1ACCEF3A399}.Release|iPhoneSimulator.Build.0 = Release|iPhoneSimulator
		{0A032951-D940-46E9-8737-E1ACCEF3A399}.Release|iPhoneSimulator.Deploy.0 = Release|iPhoneSimulator
		{0A032951-D940-46E9-8737-E1ACCEF3A399}.Release|x64.ActiveCfg = Release|iPhone
		{0A032951-D940-46E9-8737-E1ACCEF3A399}.Release|x64.Build.0 = Release|iPhone
		{0A032951-D940-46E9-8737-E1ACCEF3A399}.Release|x64.Deploy.0 = Release|iPhone
		{0A032951-D940-46E9-8737-E1ACCEF3A399}.Release|x86.ActiveCfg = Release|iPhone
		{0A032951-D940-46E9-8737-E1ACCEF3A399}.Release|x86.Build.0 = Release|iPhone
		{0A032951-D940-46E9-8737-E1ACCEF3A399}.Release|x86.Deploy.0 = Release|iPhone
		{69A3FEE9-FA53-4513-8951-E0EF1C973C2B}.Debug|Any CPU.ActiveCfg = Debug|Any CPU
		{69A3FEE9-FA53-4513-8951-E0EF1C973C2B}.Debug|Any CPU.Build.0 = Debug|Any CPU
		{69A3FEE9-FA53-4513-8951-E0EF1C973C2B}.Debug|Any CPU.Deploy.0 = Debug|Any CPU
		{69A3FEE9-FA53-4513-8951-E0EF1C973C2B}.Debug|ARM.ActiveCfg = Debug|Any CPU
		{69A3FEE9-FA53-4513-8951-E0EF1C973C2B}.Debug|ARM.Build.0 = Debug|Any CPU
		{69A3FEE9-FA53-4513-8951-E0EF1C973C2B}.Debug|ARM.Deploy.0 = Debug|Any CPU
		{69A3FEE9-FA53-4513-8951-E0EF1C973C2B}.Debug|iPhone.ActiveCfg = Debug|Any CPU
		{69A3FEE9-FA53-4513-8951-E0EF1C973C2B}.Debug|iPhone.Build.0 = Debug|Any CPU
		{69A3FEE9-FA53-4513-8951-E0EF1C973C2B}.Debug|iPhone.Deploy.0 = Debug|Any CPU
		{69A3FEE9-FA53-4513-8951-E0EF1C973C2B}.Debug|iPhoneSimulator.ActiveCfg = Debug|Any CPU
		{69A3FEE9-FA53-4513-8951-E0EF1C973C2B}.Debug|iPhoneSimulator.Build.0 = Debug|Any CPU
		{69A3FEE9-FA53-4513-8951-E0EF1C973C2B}.Debug|iPhoneSimulator.Deploy.0 = Debug|Any CPU
		{69A3FEE9-FA53-4513-8951-E0EF1C973C2B}.Debug|x64.ActiveCfg = Debug|Any CPU
		{69A3FEE9-FA53-4513-8951-E0EF1C973C2B}.Debug|x64.Build.0 = Debug|Any CPU
		{69A3FEE9-FA53-4513-8951-E0EF1C973C2B}.Debug|x64.Deploy.0 = Debug|Any CPU
		{69A3FEE9-FA53-4513-8951-E0EF1C973C2B}.Debug|x86.ActiveCfg = Debug|Any CPU
		{69A3FEE9-FA53-4513-8951-E0EF1C973C2B}.Debug|x86.Build.0 = Debug|Any CPU
		{69A3FEE9-FA53-4513-8951-E0EF1C973C2B}.Debug|x86.Deploy.0 = Debug|Any CPU
		{69A3FEE9-FA53-4513-8951-E0EF1C973C2B}.Release|Any CPU.ActiveCfg = Release|Any CPU
		{69A3FEE9-FA53-4513-8951-E0EF1C973C2B}.Release|Any CPU.Build.0 = Release|Any CPU
		{69A3FEE9-FA53-4513-8951-E0EF1C973C2B}.Release|Any CPU.Deploy.0 = Release|Any CPU
		{69A3FEE9-FA53-4513-8951-E0EF1C973C2B}.Release|ARM.ActiveCfg = Release|Any CPU
		{69A3FEE9-FA53-4513-8951-E0EF1C973C2B}.Release|ARM.Build.0 = Release|Any CPU
		{69A3FEE9-FA53-4513-8951-E0EF1C973C2B}.Release|ARM.Deploy.0 = Release|Any CPU
		{69A3FEE9-FA53-4513-8951-E0EF1C973C2B}.Release|iPhone.ActiveCfg = Release|Any CPU
		{69A3FEE9-FA53-4513-8951-E0EF1C973C2B}.Release|iPhone.Build.0 = Release|Any CPU
		{69A3FEE9-FA53-4513-8951-E0EF1C973C2B}.Release|iPhone.Deploy.0 = Release|Any CPU
		{69A3FEE9-FA53-4513-8951-E0EF1C973C2B}.Release|iPhoneSimulator.ActiveCfg = Release|Any CPU
		{69A3FEE9-FA53-4513-8951-E0EF1C973C2B}.Release|iPhoneSimulator.Build.0 = Release|Any CPU
		{69A3FEE9-FA53-4513-8951-E0EF1C973C2B}.Release|iPhoneSimulator.Deploy.0 = Release|Any CPU
		{69A3FEE9-FA53-4513-8951-E0EF1C973C2B}.Release|x64.ActiveCfg = Release|Any CPU
		{69A3FEE9-FA53-4513-8951-E0EF1C973C2B}.Release|x64.Build.0 = Release|Any CPU
		{69A3FEE9-FA53-4513-8951-E0EF1C973C2B}.Release|x64.Deploy.0 = Release|Any CPU
		{69A3FEE9-FA53-4513-8951-E0EF1C973C2B}.Release|x86.ActiveCfg = Release|Any CPU
		{69A3FEE9-FA53-4513-8951-E0EF1C973C2B}.Release|x86.Build.0 = Release|Any CPU
		{69A3FEE9-FA53-4513-8951-E0EF1C973C2B}.Release|x86.Deploy.0 = Release|Any CPU
	EndGlobalSection
	GlobalSection(SolutionProperties) = preSolution
		HideSolutionNode = FALSE
	EndGlobalSection
	GlobalSection(ExtensibilityGlobals) = postSolution
		SolutionGuid = {B6D391C2-D3BC-4CCA-B0D9-BCB6F4625F74}
	EndGlobalSection
EndGlobal
